
Microsoft Visual Studio Solution File, Format Version 12.00
# Visual Studio Version 16
VisualStudioVersion = 16.0.32002.261
MinimumVisualStudioVersion = 10.0.40219.1
Project("{9A19103F-16F7-4668-BE54-9A1E7A4F7556}") = "WeatherApiProject", "WeatherApiProject.csproj", "{2F22965F-D689-4C54-AA7B-3535DC27FA72}"
EndProject
Global
	GlobalSection(SolutionConfigurationPlatforms) = preSolution
		Debug|Any CPU = Debug|Any CPU
		Release|Any CPU = Release|Any CPU
	EndGlobalSection
	GlobalSection(ProjectConfigurationPlatforms) = postSolution
		{2F22965F-D689-4C54-AA7B-3535DC27FA72}.Debug|Any CPU.ActiveCfg = Debug|Any CPU
		{2F22965F-D689-4C54-AA7B-3535DC27FA72}.Debug|Any CPU.Build.0 = Debug|Any CPU
		{2F22965F-D689-4C54-AA7B-3535DC27FA72}.Release|Any CPU.ActiveCfg = Release|Any CPU
		{2F22965F-D689-4C54-AA7B-3535DC27FA72}.Release|Any CPU.Build.0 = Release|Any CPU
	EndGlobalSection
	GlobalSection(SolutionProperties) = preSolution
		HideSolutionNode = FALSE
	EndGlobalSection
	GlobalSection(ExtensibilityGlobals) = postSolution
		SolutionGuid = {64D16E6F-1E95-4A45-96D9-2B161217D36E}
	EndGlobalSection
EndGlobal
